// !$*UTF8*$!
{
	archiveVersion = 1;
	classes = {
	};
	objectVersion = 51;
	objects = {

/* Begin PBXBuildFile section */
		0670785F10ACD65243E377E8 /* Pods_E2EE_E2EEUITests.framework in Frameworks */ = {isa = PBXBuildFile; fileRef = 669DCAAD94F20C41F7BA0FBC /* Pods_E2EE_E2EEUITests.framework */; };
		537280F123730A570074F9EA /* SignalSocket.swift in Sources */ = {isa = PBXBuildFile; fileRef = 537280F023730A570074F9EA /* SignalSocket.swift */; };
		814F61BB23595A3700A6AA44 /* AppDelegate.swift in Sources */ = {isa = PBXBuildFile; fileRef = 814F61BA23595A3700A6AA44 /* AppDelegate.swift */; };
		814F61BD23595A3700A6AA44 /* SceneDelegate.swift in Sources */ = {isa = PBXBuildFile; fileRef = 814F61BC23595A3700A6AA44 /* SceneDelegate.swift */; };
		814F61BF23595A3700A6AA44 /* ViewController.swift in Sources */ = {isa = PBXBuildFile; fileRef = 814F61BE23595A3700A6AA44 /* ViewController.swift */; };
		814F61C223595A3700A6AA44 /* Main.storyboard in Resources */ = {isa = PBXBuildFile; fileRef = 814F61C023595A3700A6AA44 /* Main.storyboard */; };
		814F61C423595A3A00A6AA44 /* Assets.xcassets in Resources */ = {isa = PBXBuildFile; fileRef = 814F61C323595A3A00A6AA44 /* Assets.xcassets */; };
		814F61C723595A3A00A6AA44 /* LaunchScreen.storyboard in Resources */ = {isa = PBXBuildFile; fileRef = 814F61C523595A3A00A6AA44 /* LaunchScreen.storyboard */; };
		814F61D223595A3B00A6AA44 /* PairComunicationTest.swift in Sources */ = {isa = PBXBuildFile; fileRef = 814F61D123595A3B00A6AA44 /* PairComunicationTest.swift */; };
		814F61DD23595A3B00A6AA44 /* E2EEUITests.swift in Sources */ = {isa = PBXBuildFile; fileRef = 814F61DC23595A3B00A6AA44 /* E2EEUITests.swift */; };
		9E57540C4342436078C7A840 /* Pods_E2EE.framework in Frameworks */ = {isa = PBXBuildFile; fileRef = 317644017F8F555E3EE757CF /* Pods_E2EE.framework */; };
		C203CE202371654500E71171 /* NetworkSocket.swift in Sources */ = {isa = PBXBuildFile; fileRef = C203CE1F2371654500E71171 /* NetworkSocket.swift */; };
		C203CE222371670100E71171 /* NetBaseSocketAdapter.swift in Sources */ = {isa = PBXBuildFile; fileRef = C203CE212371670100E71171 /* NetBaseSocketAdapter.swift */; };
		C203CE2823717E7600E71171 /* StreamSocket.swift in Sources */ = {isa = PBXBuildFile; fileRef = C203CE2723717E7600E71171 /* StreamSocket.swift */; };
		C2094865239E46A200DC8A7D /* FirebaseUserStorage.swift in Sources */ = {isa = PBXBuildFile; fileRef = C2094864239E46A200DC8A7D /* FirebaseUserStorage.swift */; };
		C2094867239E46AD00DC8A7D /* FirebaseKeyStorage.swift in Sources */ = {isa = PBXBuildFile; fileRef = C2094866239E46AD00DC8A7D /* FirebaseKeyStorage.swift */; };
		C209486A239E46DA00DC8A7D /* CurrentLoginUser.swift in Sources */ = {isa = PBXBuildFile; fileRef = C2094869239E46DA00DC8A7D /* CurrentLoginUser.swift */; };
		C209486C239E542C00DC8A7D /* GoogleService-Info.plist in Resources */ = {isa = PBXBuildFile; fileRef = C209486B239E542C00DC8A7D /* GoogleService-Info.plist */; };
		C209486E239E56D000DC8A7D /* AliceActivity.swift in Sources */ = {isa = PBXBuildFile; fileRef = C209486D239E56D000DC8A7D /* AliceActivity.swift */; };
		C2094870239E56DE00DC8A7D /* BobActivity.swift in Sources */ = {isa = PBXBuildFile; fileRef = C209486F239E56DE00DC8A7D /* BobActivity.swift */; };
		C25D7282236BDD0B00359C11 /* DeviceConsistencySignature.swift in Sources */ = {isa = PBXBuildFile; fileRef = C25D7281236BDD0B00359C11 /* DeviceConsistencySignature.swift */; };
		C25D7284236BDEDD00359C11 /* DeviceConsistencyMessage.swift in Sources */ = {isa = PBXBuildFile; fileRef = C25D7283236BDEDD00359C11 /* DeviceConsistencyMessage.swift */; };
		C25D7286236BE48D00359C11 /* DeviceConsistencyCommitment.swift in Sources */ = {isa = PBXBuildFile; fileRef = C25D7285236BE48D00359C11 /* DeviceConsistencyCommitment.swift */; };
		C25D7289236BE8CB00359C11 /* SessionCipher.swift in Sources */ = {isa = PBXBuildFile; fileRef = C25D7288236BE8CB00359C11 /* SessionCipher.swift */; };
		C26D3992238D34FC0087C867 /* GroupComunicationTest.swift in Sources */ = {isa = PBXBuildFile; fileRef = C26D3991238D34FC0087C867 /* GroupComunicationTest.swift */; };
		C273C8082384E4EB00CC7522 /* UserModel.swift in Sources */ = {isa = PBXBuildFile; fileRef = C273C8072384E4EB00CC7522 /* UserModel.swift */; };
		C273C8112384FB3000CC7522 /* SignalAddress.swift in Sources */ = {isa = PBXBuildFile; fileRef = C273C8102384FB3000CC7522 /* SignalAddress.swift */; };
		C273C8132384FD8C00CC7522 /* SignalIdentityKeyStore.swift in Sources */ = {isa = PBXBuildFile; fileRef = C273C8122384FD8C00CC7522 /* SignalIdentityKeyStore.swift */; };
		C273C8152384FDD200CC7522 /* SignalKeyStore.swift in Sources */ = {isa = PBXBuildFile; fileRef = C273C8142384FDD200CC7522 /* SignalKeyStore.swift */; };
		C273C8172384FE3A00CC7522 /* SignalSessionStore.swift in Sources */ = {isa = PBXBuildFile; fileRef = C273C8162384FE3A00CC7522 /* SignalSessionStore.swift */; };
		C273C8192384FE8700CC7522 /* SignalPreKeyStore.swift in Sources */ = {isa = PBXBuildFile; fileRef = C273C8182384FE8700CC7522 /* SignalPreKeyStore.swift */; };
		C273C81B2384FEE700CC7522 /* SignalSenderKeyStore.swift in Sources */ = {isa = PBXBuildFile; fileRef = C273C81A2384FEE700CC7522 /* SignalSenderKeyStore.swift */; };
		C273C81D2385189600CC7522 /* SignalSignedPreKeyStore.swift in Sources */ = {isa = PBXBuildFile; fileRef = C273C81C2385189600CC7522 /* SignalSignedPreKeyStore.swift */; };
		C273C81F238524FC00CC7522 /* SignalSenderKeyName.swift in Sources */ = {isa = PBXBuildFile; fileRef = C273C81E238524FC00CC7522 /* SignalSenderKeyName.swift */; };
		C273C8212385326E00CC7522 /* SignalGroupKeyStore.swift in Sources */ = {isa = PBXBuildFile; fileRef = C273C8202385326E00CC7522 /* SignalGroupKeyStore.swift */; };
		C276375B236BD981007A563D /* KeyPair.swift in Sources */ = {isa = PBXBuildFile; fileRef = C2763722236BD981007A563D /* KeyPair.swift */; };
		C276375C236BD981007A563D /* PrivateKey.swift in Sources */ = {isa = PBXBuildFile; fileRef = C2763723236BD981007A563D /* PrivateKey.swift */; };
		C276375D236BD981007A563D /* PublicKey.swift in Sources */ = {isa = PBXBuildFile; fileRef = C2763724236BD981007A563D /* PublicKey.swift */; };
		C276375E236BD981007A563D /* CommonSignalCrypto.swift in Sources */ = {isa = PBXBuildFile; fileRef = C2763726236BD981007A563D /* CommonSignalCrypto.swift */; };
		C276375F236BD981007A563D /* GroupCipher.swift in Sources */ = {isa = PBXBuildFile; fileRef = C2763727236BD981007A563D /* GroupCipher.swift */; };
		C2763760236BD981007A563D /* SenderKeyRecord.swift in Sources */ = {isa = PBXBuildFile; fileRef = C2763728236BD981007A563D /* SenderKeyRecord.swift */; };
		C2763761236BD981007A563D /* SenderKeyState.swift in Sources */ = {isa = PBXBuildFile; fileRef = C2763729236BD981007A563D /* SenderKeyState.swift */; };
		C2763762236BD981007A563D /* SignalError.swift in Sources */ = {isa = PBXBuildFile; fileRef = C276372B236BD981007A563D /* SignalError.swift */; };
		C2763763236BD981007A563D /* DisplayableFingerprint.swift in Sources */ = {isa = PBXBuildFile; fileRef = C276372D236BD981007A563D /* DisplayableFingerprint.swift */; };
		C2763764236BD981007A563D /* Fingerprint.swift in Sources */ = {isa = PBXBuildFile; fileRef = C276372E236BD981007A563D /* Fingerprint.swift */; };
		C2763765236BD981007A563D /* ScannableFingerprint.swift in Sources */ = {isa = PBXBuildFile; fileRef = C276372F236BD981007A563D /* ScannableFingerprint.swift */; };
		C2763766236BD981007A563D /* GroupKeyStore.swift in Sources */ = {isa = PBXBuildFile; fileRef = C2763731236BD981007A563D /* GroupKeyStore.swift */; };
		C2763767236BD981007A563D /* IdentityKeyStore.swift in Sources */ = {isa = PBXBuildFile; fileRef = C2763732236BD981007A563D /* IdentityKeyStore.swift */; };
		C2763768236BD981007A563D /* KeyStore.swift in Sources */ = {isa = PBXBuildFile; fileRef = C2763733236BD981007A563D /* KeyStore.swift */; };
		C2763769236BD981007A563D /* PreKeyStore.swift in Sources */ = {isa = PBXBuildFile; fileRef = C2763734236BD981007A563D /* PreKeyStore.swift */; };
		C276376A236BD981007A563D /* SenderKeyStore.swift in Sources */ = {isa = PBXBuildFile; fileRef = C2763735236BD981007A563D /* SenderKeyStore.swift */; };
		C276376B236BD981007A563D /* SessionStore.swift in Sources */ = {isa = PBXBuildFile; fileRef = C2763736236BD981007A563D /* SessionStore.swift */; };
		C276376C236BD981007A563D /* SignedPreKeyStore.swift in Sources */ = {isa = PBXBuildFile; fileRef = C2763737236BD981007A563D /* SignedPreKeyStore.swift */; };
		C276376D236BD981007A563D /* CipherTextMessage.swift in Sources */ = {isa = PBXBuildFile; fileRef = C2763739236BD981007A563D /* CipherTextMessage.swift */; };
		C276376E236BD981007A563D /* PreKeySignalMessage.swift in Sources */ = {isa = PBXBuildFile; fileRef = C276373A236BD981007A563D /* PreKeySignalMessage.swift */; };
		C276376F236BD981007A563D /* SenderKeyDistributionMessage.swift in Sources */ = {isa = PBXBuildFile; fileRef = C276373B236BD981007A563D /* SenderKeyDistributionMessage.swift */; };
		C2763770236BD981007A563D /* SenderKeyMessage.swift in Sources */ = {isa = PBXBuildFile; fileRef = C276373C236BD981007A563D /* SenderKeyMessage.swift */; };
		C2763771236BD981007A563D /* SignalMessage.swift in Sources */ = {isa = PBXBuildFile; fileRef = C276373D236BD981007A563D /* SignalMessage.swift */; };
		C2763772236BD981007A563D /* Fingerprint.pb.swift in Sources */ = {isa = PBXBuildFile; fileRef = C276373F236BD981007A563D /* Fingerprint.pb.swift */; };
		C2763773236BD981007A563D /* Fingerprint.proto in Sources */ = {isa = PBXBuildFile; fileRef = C2763740236BD981007A563D /* Fingerprint.proto */; };
		C2763774236BD981007A563D /* LocalStorage.pb.swift in Sources */ = {isa = PBXBuildFile; fileRef = C2763741236BD981007A563D /* LocalStorage.pb.swift */; };
		C2763775236BD981007A563D /* LocalStorage.proto in Sources */ = {isa = PBXBuildFile; fileRef = C2763742236BD981007A563D /* LocalStorage.proto */; };
		C2763776236BD981007A563D /* Messages.pb.swift in Sources */ = {isa = PBXBuildFile; fileRef = C2763743236BD981007A563D /* Messages.pb.swift */; };
		C2763777236BD981007A563D /* Messages.proto in Sources */ = {isa = PBXBuildFile; fileRef = C2763744236BD981007A563D /* Messages.proto */; };
		C2763778236BD981007A563D /* ProtocolBufferConvertible.swift in Sources */ = {isa = PBXBuildFile; fileRef = C2763745236BD981007A563D /* ProtocolBufferConvertible.swift */; };
		C2763779236BD981007A563D /* ProtocolBufferEquivalent.swift in Sources */ = {isa = PBXBuildFile; fileRef = C2763746236BD981007A563D /* ProtocolBufferEquivalent.swift */; };
		C276377A236BD981007A563D /* ProtocolBufferSerializable.swift in Sources */ = {isa = PBXBuildFile; fileRef = C2763747236BD981007A563D /* ProtocolBufferSerializable.swift */; };
		C276377B236BD981007A563D /* HKDF.swift in Sources */ = {isa = PBXBuildFile; fileRef = C2763749236BD981007A563D /* HKDF.swift */; };
		C276377C236BD981007A563D /* RatchetChainKey.swift in Sources */ = {isa = PBXBuildFile; fileRef = C276374A236BD981007A563D /* RatchetChainKey.swift */; };
		C276377D236BD981007A563D /* RatchetMessageKey.swift in Sources */ = {isa = PBXBuildFile; fileRef = C276374B236BD981007A563D /* RatchetMessageKey.swift */; };
		C276377E236BD981007A563D /* RatchetRootKey.swift in Sources */ = {isa = PBXBuildFile; fileRef = C276374C236BD981007A563D /* RatchetRootKey.swift */; };
		C276377F236BD981007A563D /* ReceiverChain.swift in Sources */ = {isa = PBXBuildFile; fileRef = C276374D236BD981007A563D /* ReceiverChain.swift */; };
		C2763780236BD981007A563D /* SenderChain.swift in Sources */ = {isa = PBXBuildFile; fileRef = C276374E236BD981007A563D /* SenderChain.swift */; };
		C2763781236BD981007A563D /* SenderChainKey.swift in Sources */ = {isa = PBXBuildFile; fileRef = C276374F236BD981007A563D /* SenderChainKey.swift */; };
		C2763782236BD981007A563D /* SenderMessageKey.swift in Sources */ = {isa = PBXBuildFile; fileRef = C2763750236BD981007A563D /* SenderMessageKey.swift */; };
		C2763783236BD981007A563D /* PendingPreKey.swift in Sources */ = {isa = PBXBuildFile; fileRef = C2763752236BD981007A563D /* PendingPreKey.swift */; };
		C2763784236BD981007A563D /* SessionBuilder.swift in Sources */ = {isa = PBXBuildFile; fileRef = C2763753236BD981007A563D /* SessionBuilder.swift */; };
		C2763785236BD981007A563D /* SessionPreKey.swift in Sources */ = {isa = PBXBuildFile; fileRef = C2763754236BD981007A563D /* SessionPreKey.swift */; };
		C2763786236BD981007A563D /* SessionPreKeyBundle.swift in Sources */ = {isa = PBXBuildFile; fileRef = C2763755236BD981007A563D /* SessionPreKeyBundle.swift */; };
		C2763787236BD981007A563D /* SessionPreKeyPublic.swift in Sources */ = {isa = PBXBuildFile; fileRef = C2763756236BD981007A563D /* SessionPreKeyPublic.swift */; };
		C2763788236BD981007A563D /* SessionRecord.swift in Sources */ = {isa = PBXBuildFile; fileRef = C2763757236BD981007A563D /* SessionRecord.swift */; };
		C2763789236BD981007A563D /* SessionSignedPreKey.swift in Sources */ = {isa = PBXBuildFile; fileRef = C2763758236BD981007A563D /* SessionSignedPreKey.swift */; };
		C276378A236BD981007A563D /* SessionSignedPreKeyPublic.swift in Sources */ = {isa = PBXBuildFile; fileRef = C2763759236BD981007A563D /* SessionSignedPreKeyPublic.swift */; };
		C276378B236BD981007A563D /* SessionState.swift in Sources */ = {isa = PBXBuildFile; fileRef = C276375A236BD981007A563D /* SessionState.swift */; };
		C278C5552394B3A10095757A /* NetworkTest.swift in Sources */ = {isa = PBXBuildFile; fileRef = C278C5542394B3A10095757A /* NetworkTest.swift */; };
		F4D44E6B86E36F0F0BBDB786 /* Pods_E2EETests.framework in Frameworks */ = {isa = PBXBuildFile; fileRef = 2B4F3E4287CAF0019291820F /* Pods_E2EETests.framework */; };
/* End PBXBuildFile section */

/* Begin PBXContainerItemProxy section */
		814F61CE23595A3B00A6AA44 /* PBXContainerItemProxy */ = {
			isa = PBXContainerItemProxy;
			containerPortal = 814F61AF23595A3700A6AA44 /* Project object */;
			proxyType = 1;
			remoteGlobalIDString = 814F61B623595A3700A6AA44;
			remoteInfo = E2EE;
		};
		814F61D923595A3B00A6AA44 /* PBXContainerItemProxy */ = {
			isa = PBXContainerItemProxy;
			containerPortal = 814F61AF23595A3700A6AA44 /* Project object */;
			proxyType = 1;
			remoteGlobalIDString = 814F61B623595A3700A6AA44;
			remoteInfo = E2EE;
		};
/* End PBXContainerItemProxy section */

/* Begin PBXFileReference section */
		0C228D38E295528F19A781FC /* Pods-E2EE-E2EEUITests.debug.xcconfig */ = {isa = PBXFileReference; includeInIndex = 1; lastKnownFileType = text.xcconfig; name = "Pods-E2EE-E2EEUITests.debug.xcconfig"; path = "Target Support Files/Pods-E2EE-E2EEUITests/Pods-E2EE-E2EEUITests.debug.xcconfig"; sourceTree = "<group>"; };
		1EC2E78D4FDB9D02A56600AC /* Pods-E2EETests.debug.xcconfig */ = {isa = PBXFileReference; includeInIndex = 1; lastKnownFileType = text.xcconfig; name = "Pods-E2EETests.debug.xcconfig"; path = "Target Support Files/Pods-E2EETests/Pods-E2EETests.debug.xcconfig"; sourceTree = "<group>"; };
		2B4F3E4287CAF0019291820F /* Pods_E2EETests.framework */ = {isa = PBXFileReference; explicitFileType = wrapper.framework; includeInIndex = 0; path = Pods_E2EETests.framework; sourceTree = BUILT_PRODUCTS_DIR; };
		317644017F8F555E3EE757CF /* Pods_E2EE.framework */ = {isa = PBXFileReference; explicitFileType = wrapper.framework; includeInIndex = 0; path = Pods_E2EE.framework; sourceTree = BUILT_PRODUCTS_DIR; };
		537280F023730A570074F9EA /* SignalSocket.swift */ = {isa = PBXFileReference; lastKnownFileType = sourcecode.swift; path = SignalSocket.swift; sourceTree = "<group>"; };
		5EF4F8F96B03EC46DAEF9048 /* Pods-E2EE-E2EEUITests.release.xcconfig */ = {isa = PBXFileReference; includeInIndex = 1; lastKnownFileType = text.xcconfig; name = "Pods-E2EE-E2EEUITests.release.xcconfig"; path = "Target Support Files/Pods-E2EE-E2EEUITests/Pods-E2EE-E2EEUITests.release.xcconfig"; sourceTree = "<group>"; };
		669DCAAD94F20C41F7BA0FBC /* Pods_E2EE_E2EEUITests.framework */ = {isa = PBXFileReference; explicitFileType = wrapper.framework; includeInIndex = 0; path = Pods_E2EE_E2EEUITests.framework; sourceTree = BUILT_PRODUCTS_DIR; };
		814F61B723595A3700A6AA44 /* E2EE.app */ = {isa = PBXFileReference; explicitFileType = wrapper.application; includeInIndex = 0; path = E2EE.app; sourceTree = BUILT_PRODUCTS_DIR; };
		814F61BA23595A3700A6AA44 /* AppDelegate.swift */ = {isa = PBXFileReference; lastKnownFileType = sourcecode.swift; path = AppDelegate.swift; sourceTree = "<group>"; };
		814F61BC23595A3700A6AA44 /* SceneDelegate.swift */ = {isa = PBXFileReference; lastKnownFileType = sourcecode.swift; path = SceneDelegate.swift; sourceTree = "<group>"; };
		814F61BE23595A3700A6AA44 /* ViewController.swift */ = {isa = PBXFileReference; lastKnownFileType = sourcecode.swift; path = ViewController.swift; sourceTree = "<group>"; };
		814F61C123595A3700A6AA44 /* Base */ = {isa = PBXFileReference; lastKnownFileType = file.storyboard; name = Base; path = Base.lproj/Main.storyboard; sourceTree = "<group>"; };
		814F61C323595A3A00A6AA44 /* Assets.xcassets */ = {isa = PBXFileReference; lastKnownFileType = folder.assetcatalog; path = Assets.xcassets; sourceTree = "<group>"; };
		814F61C623595A3A00A6AA44 /* Base */ = {isa = PBXFileReference; lastKnownFileType = file.storyboard; name = Base; path = Base.lproj/LaunchScreen.storyboard; sourceTree = "<group>"; };
		814F61C823595A3A00A6AA44 /* Info.plist */ = {isa = PBXFileReference; lastKnownFileType = text.plist.xml; path = Info.plist; sourceTree = "<group>"; };
		814F61CD23595A3B00A6AA44 /* E2EETests.xctest */ = {isa = PBXFileReference; explicitFileType = wrapper.cfbundle; includeInIndex = 0; path = E2EETests.xctest; sourceTree = BUILT_PRODUCTS_DIR; };
		814F61D123595A3B00A6AA44 /* PairComunicationTest.swift */ = {isa = PBXFileReference; lastKnownFileType = sourcecode.swift; path = PairComunicationTest.swift; sourceTree = "<group>"; };
		814F61D323595A3B00A6AA44 /* Info.plist */ = {isa = PBXFileReference; lastKnownFileType = text.plist.xml; path = Info.plist; sourceTree = "<group>"; };
		814F61D823595A3B00A6AA44 /* E2EEUITests.xctest */ = {isa = PBXFileReference; explicitFileType = wrapper.cfbundle; includeInIndex = 0; path = E2EEUITests.xctest; sourceTree = BUILT_PRODUCTS_DIR; };
		814F61DC23595A3B00A6AA44 /* E2EEUITests.swift */ = {isa = PBXFileReference; lastKnownFileType = sourcecode.swift; path = E2EEUITests.swift; sourceTree = "<group>"; };
		814F61DE23595A3B00A6AA44 /* Info.plist */ = {isa = PBXFileReference; lastKnownFileType = text.plist.xml; path = Info.plist; sourceTree = "<group>"; };
		91924533B0CE1BBD58F6278C /* Pods-E2EETests.release.xcconfig */ = {isa = PBXFileReference; includeInIndex = 1; lastKnownFileType = text.xcconfig; name = "Pods-E2EETests.release.xcconfig"; path = "Target Support Files/Pods-E2EETests/Pods-E2EETests.release.xcconfig"; sourceTree = "<group>"; };
		C203CE1F2371654500E71171 /* NetworkSocket.swift */ = {isa = PBXFileReference; lastKnownFileType = sourcecode.swift; path = NetworkSocket.swift; sourceTree = "<group>"; };
		C203CE212371670100E71171 /* NetBaseSocketAdapter.swift */ = {isa = PBXFileReference; lastKnownFileType = sourcecode.swift; path = NetBaseSocketAdapter.swift; sourceTree = "<group>"; };
		C203CE2723717E7600E71171 /* StreamSocket.swift */ = {isa = PBXFileReference; lastKnownFileType = sourcecode.swift; path = StreamSocket.swift; sourceTree = "<group>"; };
		C2094864239E46A200DC8A7D /* FirebaseUserStorage.swift */ = {isa = PBXFileReference; lastKnownFileType = sourcecode.swift; path = FirebaseUserStorage.swift; sourceTree = "<group>"; };
		C2094866239E46AD00DC8A7D /* FirebaseKeyStorage.swift */ = {isa = PBXFileReference; lastKnownFileType = sourcecode.swift; path = FirebaseKeyStorage.swift; sourceTree = "<group>"; };
		C2094869239E46DA00DC8A7D /* CurrentLoginUser.swift */ = {isa = PBXFileReference; lastKnownFileType = sourcecode.swift; path = CurrentLoginUser.swift; sourceTree = "<group>"; };
		C209486B239E542C00DC8A7D /* GoogleService-Info.plist */ = {isa = PBXFileReference; fileEncoding = 4; lastKnownFileType = text.plist.xml; path = "GoogleService-Info.plist"; sourceTree = "<group>"; };
		C209486D239E56D000DC8A7D /* AliceActivity.swift */ = {isa = PBXFileReference; lastKnownFileType = sourcecode.swift; path = AliceActivity.swift; sourceTree = "<group>"; };
		C209486F239E56DE00DC8A7D /* BobActivity.swift */ = {isa = PBXFileReference; lastKnownFileType = sourcecode.swift; path = BobActivity.swift; sourceTree = "<group>"; };
		C25D7281236BDD0B00359C11 /* DeviceConsistencySignature.swift */ = {isa = PBXFileReference; lastKnownFileType = sourcecode.swift; path = DeviceConsistencySignature.swift; sourceTree = "<group>"; };
		C25D7283236BDEDD00359C11 /* DeviceConsistencyMessage.swift */ = {isa = PBXFileReference; lastKnownFileType = sourcecode.swift; path = DeviceConsistencyMessage.swift; sourceTree = "<group>"; };
		C25D7285236BE48D00359C11 /* DeviceConsistencyCommitment.swift */ = {isa = PBXFileReference; lastKnownFileType = sourcecode.swift; path = DeviceConsistencyCommitment.swift; sourceTree = "<group>"; };
		C25D7288236BE8CB00359C11 /* SessionCipher.swift */ = {isa = PBXFileReference; lastKnownFileType = sourcecode.swift; path = SessionCipher.swift; sourceTree = "<group>"; };
		C26D3991238D34FC0087C867 /* GroupComunicationTest.swift */ = {isa = PBXFileReference; lastKnownFileType = sourcecode.swift; path = GroupComunicationTest.swift; sourceTree = "<group>"; };
		C273C8072384E4EB00CC7522 /* UserModel.swift */ = {isa = PBXFileReference; lastKnownFileType = sourcecode.swift; path = UserModel.swift; sourceTree = "<group>"; };
		C273C8102384FB3000CC7522 /* SignalAddress.swift */ = {isa = PBXFileReference; lastKnownFileType = sourcecode.swift; path = SignalAddress.swift; sourceTree = "<group>"; };
		C273C8122384FD8C00CC7522 /* SignalIdentityKeyStore.swift */ = {isa = PBXFileReference; lastKnownFileType = sourcecode.swift; path = SignalIdentityKeyStore.swift; sourceTree = "<group>"; };
		C273C8142384FDD200CC7522 /* SignalKeyStore.swift */ = {isa = PBXFileReference; lastKnownFileType = sourcecode.swift; path = SignalKeyStore.swift; sourceTree = "<group>"; };
		C273C8162384FE3A00CC7522 /* SignalSessionStore.swift */ = {isa = PBXFileReference; lastKnownFileType = sourcecode.swift; path = SignalSessionStore.swift; sourceTree = "<group>"; };
		C273C8182384FE8700CC7522 /* SignalPreKeyStore.swift */ = {isa = PBXFileReference; lastKnownFileType = sourcecode.swift; path = SignalPreKeyStore.swift; sourceTree = "<group>"; };
		C273C81A2384FEE700CC7522 /* SignalSenderKeyStore.swift */ = {isa = PBXFileReference; lastKnownFileType = sourcecode.swift; path = SignalSenderKeyStore.swift; sourceTree = "<group>"; };
		C273C81C2385189600CC7522 /* SignalSignedPreKeyStore.swift */ = {isa = PBXFileReference; lastKnownFileType = sourcecode.swift; path = SignalSignedPreKeyStore.swift; sourceTree = "<group>"; };
		C273C81E238524FC00CC7522 /* SignalSenderKeyName.swift */ = {isa = PBXFileReference; lastKnownFileType = sourcecode.swift; path = SignalSenderKeyName.swift; sourceTree = "<group>"; };
		C273C8202385326E00CC7522 /* SignalGroupKeyStore.swift */ = {isa = PBXFileReference; lastKnownFileType = sourcecode.swift; path = SignalGroupKeyStore.swift; sourceTree = "<group>"; };
		C2763722236BD981007A563D /* KeyPair.swift */ = {isa = PBXFileReference; fileEncoding = 4; lastKnownFileType = sourcecode.swift; path = KeyPair.swift; sourceTree = "<group>"; };
		C2763723236BD981007A563D /* PrivateKey.swift */ = {isa = PBXFileReference; fileEncoding = 4; lastKnownFileType = sourcecode.swift; path = PrivateKey.swift; sourceTree = "<group>"; };
		C2763724236BD981007A563D /* PublicKey.swift */ = {isa = PBXFileReference; fileEncoding = 4; lastKnownFileType = sourcecode.swift; path = PublicKey.swift; sourceTree = "<group>"; };
		C2763726236BD981007A563D /* CommonSignalCrypto.swift */ = {isa = PBXFileReference; fileEncoding = 4; lastKnownFileType = sourcecode.swift; path = CommonSignalCrypto.swift; sourceTree = "<group>"; };
		C2763727236BD981007A563D /* GroupCipher.swift */ = {isa = PBXFileReference; fileEncoding = 4; lastKnownFileType = sourcecode.swift; path = GroupCipher.swift; sourceTree = "<group>"; };
		C2763728236BD981007A563D /* SenderKeyRecord.swift */ = {isa = PBXFileReference; fileEncoding = 4; lastKnownFileType = sourcecode.swift; path = SenderKeyRecord.swift; sourceTree = "<group>"; };
		C2763729236BD981007A563D /* SenderKeyState.swift */ = {isa = PBXFileReference; fileEncoding = 4; lastKnownFileType = sourcecode.swift; path = SenderKeyState.swift; sourceTree = "<group>"; };
		C276372B236BD981007A563D /* SignalError.swift */ = {isa = PBXFileReference; fileEncoding = 4; lastKnownFileType = sourcecode.swift; path = SignalError.swift; sourceTree = "<group>"; };
		C276372D236BD981007A563D /* DisplayableFingerprint.swift */ = {isa = PBXFileReference; fileEncoding = 4; lastKnownFileType = sourcecode.swift; path = DisplayableFingerprint.swift; sourceTree = "<group>"; };
		C276372E236BD981007A563D /* Fingerprint.swift */ = {isa = PBXFileReference; fileEncoding = 4; lastKnownFileType = sourcecode.swift; path = Fingerprint.swift; sourceTree = "<group>"; };
		C276372F236BD981007A563D /* ScannableFingerprint.swift */ = {isa = PBXFileReference; fileEncoding = 4; lastKnownFileType = sourcecode.swift; path = ScannableFingerprint.swift; sourceTree = "<group>"; };
		C2763731236BD981007A563D /* GroupKeyStore.swift */ = {isa = PBXFileReference; fileEncoding = 4; lastKnownFileType = sourcecode.swift; path = GroupKeyStore.swift; sourceTree = "<group>"; };
		C2763732236BD981007A563D /* IdentityKeyStore.swift */ = {isa = PBXFileReference; fileEncoding = 4; lastKnownFileType = sourcecode.swift; path = IdentityKeyStore.swift; sourceTree = "<group>"; };
		C2763733236BD981007A563D /* KeyStore.swift */ = {isa = PBXFileReference; fileEncoding = 4; lastKnownFileType = sourcecode.swift; path = KeyStore.swift; sourceTree = "<group>"; };
		C2763734236BD981007A563D /* PreKeyStore.swift */ = {isa = PBXFileReference; fileEncoding = 4; lastKnownFileType = sourcecode.swift; path = PreKeyStore.swift; sourceTree = "<group>"; };
		C2763735236BD981007A563D /* SenderKeyStore.swift */ = {isa = PBXFileReference; fileEncoding = 4; lastKnownFileType = sourcecode.swift; path = SenderKeyStore.swift; sourceTree = "<group>"; };
		C2763736236BD981007A563D /* SessionStore.swift */ = {isa = PBXFileReference; fileEncoding = 4; lastKnownFileType = sourcecode.swift; path = SessionStore.swift; sourceTree = "<group>"; };
		C2763737236BD981007A563D /* SignedPreKeyStore.swift */ = {isa = PBXFileReference; fileEncoding = 4; lastKnownFileType = sourcecode.swift; path = SignedPreKeyStore.swift; sourceTree = "<group>"; };
		C2763739236BD981007A563D /* CipherTextMessage.swift */ = {isa = PBXFileReference; fileEncoding = 4; lastKnownFileType = sourcecode.swift; path = CipherTextMessage.swift; sourceTree = "<group>"; };
		C276373A236BD981007A563D /* PreKeySignalMessage.swift */ = {isa = PBXFileReference; fileEncoding = 4; lastKnownFileType = sourcecode.swift; path = PreKeySignalMessage.swift; sourceTree = "<group>"; };
		C276373B236BD981007A563D /* SenderKeyDistributionMessage.swift */ = {isa = PBXFileReference; fileEncoding = 4; lastKnownFileType = sourcecode.swift; path = SenderKeyDistributionMessage.swift; sourceTree = "<group>"; };
		C276373C236BD981007A563D /* SenderKeyMessage.swift */ = {isa = PBXFileReference; fileEncoding = 4; lastKnownFileType = sourcecode.swift; path = SenderKeyMessage.swift; sourceTree = "<group>"; };
		C276373D236BD981007A563D /* SignalMessage.swift */ = {isa = PBXFileReference; fileEncoding = 4; lastKnownFileType = sourcecode.swift; path = SignalMessage.swift; sourceTree = "<group>"; };
		C276373F236BD981007A563D /* Fingerprint.pb.swift */ = {isa = PBXFileReference; fileEncoding = 4; lastKnownFileType = sourcecode.swift; path = Fingerprint.pb.swift; sourceTree = "<group>"; };
		C2763740236BD981007A563D /* Fingerprint.proto */ = {isa = PBXFileReference; fileEncoding = 4; lastKnownFileType = sourcecode.protobuf; path = Fingerprint.proto; sourceTree = "<group>"; };
		C2763741236BD981007A563D /* LocalStorage.pb.swift */ = {isa = PBXFileReference; fileEncoding = 4; lastKnownFileType = sourcecode.swift; path = LocalStorage.pb.swift; sourceTree = "<group>"; };
		C2763742236BD981007A563D /* LocalStorage.proto */ = {isa = PBXFileReference; fileEncoding = 4; lastKnownFileType = sourcecode.protobuf; path = LocalStorage.proto; sourceTree = "<group>"; };
		C2763743236BD981007A563D /* Messages.pb.swift */ = {isa = PBXFileReference; fileEncoding = 4; lastKnownFileType = sourcecode.swift; path = Messages.pb.swift; sourceTree = "<group>"; };
		C2763744236BD981007A563D /* Messages.proto */ = {isa = PBXFileReference; fileEncoding = 4; lastKnownFileType = sourcecode.protobuf; path = Messages.proto; sourceTree = "<group>"; };
		C2763745236BD981007A563D /* ProtocolBufferConvertible.swift */ = {isa = PBXFileReference; fileEncoding = 4; lastKnownFileType = sourcecode.swift; path = ProtocolBufferConvertible.swift; sourceTree = "<group>"; };
		C2763746236BD981007A563D /* ProtocolBufferEquivalent.swift */ = {isa = PBXFileReference; fileEncoding = 4; lastKnownFileType = sourcecode.swift; path = ProtocolBufferEquivalent.swift; sourceTree = "<group>"; };
		C2763747236BD981007A563D /* ProtocolBufferSerializable.swift */ = {isa = PBXFileReference; fileEncoding = 4; lastKnownFileType = sourcecode.swift; path = ProtocolBufferSerializable.swift; sourceTree = "<group>"; };
		C2763749236BD981007A563D /* HKDF.swift */ = {isa = PBXFileReference; fileEncoding = 4; lastKnownFileType = sourcecode.swift; path = HKDF.swift; sourceTree = "<group>"; };
		C276374A236BD981007A563D /* RatchetChainKey.swift */ = {isa = PBXFileReference; fileEncoding = 4; lastKnownFileType = sourcecode.swift; path = RatchetChainKey.swift; sourceTree = "<group>"; };
		C276374B236BD981007A563D /* RatchetMessageKey.swift */ = {isa = PBXFileReference; fileEncoding = 4; lastKnownFileType = sourcecode.swift; path = RatchetMessageKey.swift; sourceTree = "<group>"; };
		C276374C236BD981007A563D /* RatchetRootKey.swift */ = {isa = PBXFileReference; fileEncoding = 4; lastKnownFileType = sourcecode.swift; path = RatchetRootKey.swift; sourceTree = "<group>"; };
		C276374D236BD981007A563D /* ReceiverChain.swift */ = {isa = PBXFileReference; fileEncoding = 4; lastKnownFileType = sourcecode.swift; path = ReceiverChain.swift; sourceTree = "<group>"; };
		C276374E236BD981007A563D /* SenderChain.swift */ = {isa = PBXFileReference; fileEncoding = 4; lastKnownFileType = sourcecode.swift; path = SenderChain.swift; sourceTree = "<group>"; };
		C276374F236BD981007A563D /* SenderChainKey.swift */ = {isa = PBXFileReference; fileEncoding = 4; lastKnownFileType = sourcecode.swift; path = SenderChainKey.swift; sourceTree = "<group>"; };
		C2763750236BD981007A563D /* SenderMessageKey.swift */ = {isa = PBXFileReference; fileEncoding = 4; lastKnownFileType = sourcecode.swift; path = SenderMessageKey.swift; sourceTree = "<group>"; };
		C2763752236BD981007A563D /* PendingPreKey.swift */ = {isa = PBXFileReference; fileEncoding = 4; lastKnownFileType = sourcecode.swift; path = PendingPreKey.swift; sourceTree = "<group>"; };
		C2763753236BD981007A563D /* SessionBuilder.swift */ = {isa = PBXFileReference; fileEncoding = 4; lastKnownFileType = sourcecode.swift; path = SessionBuilder.swift; sourceTree = "<group>"; };
		C2763754236BD981007A563D /* SessionPreKey.swift */ = {isa = PBXFileReference; fileEncoding = 4; lastKnownFileType = sourcecode.swift; path = SessionPreKey.swift; sourceTree = "<group>"; };
		C2763755236BD981007A563D /* SessionPreKeyBundle.swift */ = {isa = PBXFileReference; fileEncoding = 4; lastKnownFileType = sourcecode.swift; path = SessionPreKeyBundle.swift; sourceTree = "<group>"; };
		C2763756236BD981007A563D /* SessionPreKeyPublic.swift */ = {isa = PBXFileReference; fileEncoding = 4; lastKnownFileType = sourcecode.swift; path = SessionPreKeyPublic.swift; sourceTree = "<group>"; };
		C2763757236BD981007A563D /* SessionRecord.swift */ = {isa = PBXFileReference; fileEncoding = 4; lastKnownFileType = sourcecode.swift; path = SessionRecord.swift; sourceTree = "<group>"; };
		C2763758236BD981007A563D /* SessionSignedPreKey.swift */ = {isa = PBXFileReference; fileEncoding = 4; lastKnownFileType = sourcecode.swift; path = SessionSignedPreKey.swift; sourceTree = "<group>"; };
		C2763759236BD981007A563D /* SessionSignedPreKeyPublic.swift */ = {isa = PBXFileReference; fileEncoding = 4; lastKnownFileType = sourcecode.swift; path = SessionSignedPreKeyPublic.swift; sourceTree = "<group>"; };
		C276375A236BD981007A563D /* SessionState.swift */ = {isa = PBXFileReference; fileEncoding = 4; lastKnownFileType = sourcecode.swift; path = SessionState.swift; sourceTree = "<group>"; };
		C278C5542394B3A10095757A /* NetworkTest.swift */ = {isa = PBXFileReference; lastKnownFileType = sourcecode.swift; path = NetworkTest.swift; sourceTree = "<group>"; };
		CB87BCF5BB3B7F7B68654098 /* Pods-E2EE.release.xcconfig */ = {isa = PBXFileReference; includeInIndex = 1; lastKnownFileType = text.xcconfig; name = "Pods-E2EE.release.xcconfig"; path = "Target Support Files/Pods-E2EE/Pods-E2EE.release.xcconfig"; sourceTree = "<group>"; };
		FEEAD81F2887B72589C0187B /* Pods-E2EE.debug.xcconfig */ = {isa = PBXFileReference; includeInIndex = 1; lastKnownFileType = text.xcconfig; name = "Pods-E2EE.debug.xcconfig"; path = "Target Support Files/Pods-E2EE/Pods-E2EE.debug.xcconfig"; sourceTree = "<group>"; };
/* End PBXFileReference section */

/* Begin PBXFrameworksBuildPhase section */
		814F61B423595A3700A6AA44 /* Frameworks */ = {
			isa = PBXFrameworksBuildPhase;
			buildActionMask = 2147483647;
			files = (
				9E57540C4342436078C7A840 /* Pods_E2EE.framework in Frameworks */,
			);
			runOnlyForDeploymentPostprocessing = 0;
		};
		814F61CA23595A3B00A6AA44 /* Frameworks */ = {
			isa = PBXFrameworksBuildPhase;
			buildActionMask = 2147483647;
			files = (
				F4D44E6B86E36F0F0BBDB786 /* Pods_E2EETests.framework in Frameworks */,
			);
			runOnlyForDeploymentPostprocessing = 0;
		};
		814F61D523595A3B00A6AA44 /* Frameworks */ = {
			isa = PBXFrameworksBuildPhase;
			buildActionMask = 2147483647;
			files = (
				0670785F10ACD65243E377E8 /* Pods_E2EE_E2EEUITests.framework in Frameworks */,
			);
			runOnlyForDeploymentPostprocessing = 0;
		};
/* End PBXFrameworksBuildPhase section */

/* Begin PBXGroup section */
		321EB777E86CE7718644DC55 /* Pods */ = {
			isa = PBXGroup;
			children = (
				FEEAD81F2887B72589C0187B /* Pods-E2EE.debug.xcconfig */,
				CB87BCF5BB3B7F7B68654098 /* Pods-E2EE.release.xcconfig */,
				0C228D38E295528F19A781FC /* Pods-E2EE-E2EEUITests.debug.xcconfig */,
				5EF4F8F96B03EC46DAEF9048 /* Pods-E2EE-E2EEUITests.release.xcconfig */,
				1EC2E78D4FDB9D02A56600AC /* Pods-E2EETests.debug.xcconfig */,
				91924533B0CE1BBD58F6278C /* Pods-E2EETests.release.xcconfig */,
			);
			path = Pods;
			sourceTree = "<group>";
		};
		53DC8FE2236FBA18007AF733 /* Network */ = {
			isa = PBXGroup;
			children = (
				C203CE1E2371604000E71171 /* VoiceCall */,
				C203CE1D2371603700E71171 /* SocketLayer */,
				C203CE1B2371601400E71171 /* MessageCommunication */,
			);
			path = Network;
			sourceTree = "<group>";
		};
		814F61AE23595A3700A6AA44 = {
			isa = PBXGroup;
			children = (
				814F61B923595A3700A6AA44 /* E2EE */,
				814F61D023595A3B00A6AA44 /* E2EETests */,
				814F61DB23595A3B00A6AA44 /* E2EEUITests */,
				814F61B823595A3700A6AA44 /* Products */,
				321EB777E86CE7718644DC55 /* Pods */,
				CF7F17D9A1668327563957B2 /* Frameworks */,
			);
			sourceTree = "<group>";
		};
		814F61B823595A3700A6AA44 /* Products */ = {
			isa = PBXGroup;
			children = (
				814F61B723595A3700A6AA44 /* E2EE.app */,
				814F61CD23595A3B00A6AA44 /* E2EETests.xctest */,
				814F61D823595A3B00A6AA44 /* E2EEUITests.xctest */,
			);
			name = Products;
			sourceTree = "<group>";
		};
		814F61B923595A3700A6AA44 /* E2EE */ = {
			isa = PBXGroup;
			children = (
				C2094862239E468000DC8A7D /* FirebaseStorage */,
				C273C80F2384F81100CC7522 /* LocalKeyStorage */,
				53DC8FE2236FBA18007AF733 /* Network */,
				C2763720236BD981007A563D /* Security */,
				814F61BA23595A3700A6AA44 /* AppDelegate.swift */,
				814F61BC23595A3700A6AA44 /* SceneDelegate.swift */,
				814F61BE23595A3700A6AA44 /* ViewController.swift */,
				814F61C023595A3700A6AA44 /* Main.storyboard */,
				814F61C323595A3A00A6AA44 /* Assets.xcassets */,
				814F61C523595A3A00A6AA44 /* LaunchScreen.storyboard */,
				814F61C823595A3A00A6AA44 /* Info.plist */,
				C209486B239E542C00DC8A7D /* GoogleService-Info.plist */,
			);
			path = E2EE;
			sourceTree = "<group>";
		};
		814F61D023595A3B00A6AA44 /* E2EETests */ = {
			isa = PBXGroup;
			children = (
				814F61D123595A3B00A6AA44 /* PairComunicationTest.swift */,
				814F61D323595A3B00A6AA44 /* Info.plist */,
				C26D3991238D34FC0087C867 /* GroupComunicationTest.swift */,
				C278C5542394B3A10095757A /* NetworkTest.swift */,
				C209486D239E56D000DC8A7D /* AliceActivity.swift */,
				C209486F239E56DE00DC8A7D /* BobActivity.swift */,
			);
			path = E2EETests;
			sourceTree = "<group>";
		};
		814F61DB23595A3B00A6AA44 /* E2EEUITests */ = {
			isa = PBXGroup;
			children = (
				814F61DC23595A3B00A6AA44 /* E2EEUITests.swift */,
				814F61DE23595A3B00A6AA44 /* Info.plist */,
			);
			path = E2EEUITests;
			sourceTree = "<group>";
		};
		C203CE1B2371601400E71171 /* MessageCommunication */ = {
			isa = PBXGroup;
			children = (
				537280F023730A570074F9EA /* SignalSocket.swift */,
			);
			path = MessageCommunication;
			sourceTree = "<group>";
		};
		C203CE1D2371603700E71171 /* SocketLayer */ = {
			isa = PBXGroup;
			children = (
				C203CE2623716B7700E71171 /* NetworkSocket */,
				C203CE2523716B6C00E71171 /* StreamSocket */,
				C203CE212371670100E71171 /* NetBaseSocketAdapter.swift */,
			);
			path = SocketLayer;
			sourceTree = "<group>";
		};
		C203CE1E2371604000E71171 /* VoiceCall */ = {
			isa = PBXGroup;
			children = (
			);
			path = VoiceCall;
			sourceTree = "<group>";
		};
		C203CE2523716B6C00E71171 /* StreamSocket */ = {
			isa = PBXGroup;
			children = (
				C203CE2723717E7600E71171 /* StreamSocket.swift */,
			);
			path = StreamSocket;
			sourceTree = "<group>";
		};
		C203CE2623716B7700E71171 /* NetworkSocket */ = {
			isa = PBXGroup;
			children = (
				C203CE1F2371654500E71171 /* NetworkSocket.swift */,
			);
			path = NetworkSocket;
			sourceTree = "<group>";
		};
		C2094862239E468000DC8A7D /* FirebaseStorage */ = {
			isa = PBXGroup;
			children = (
				C2094864239E46A200DC8A7D /* FirebaseUserStorage.swift */,
				C2094866239E46AD00DC8A7D /* FirebaseKeyStorage.swift */,
				C2094869239E46DA00DC8A7D /* CurrentLoginUser.swift */,
			);
			path = FirebaseStorage;
			sourceTree = "<group>";
		};
		C25D7280236BDCED00359C11 /* DeviceConsistency */ = {
			isa = PBXGroup;
			children = (
				C25D7281236BDD0B00359C11 /* DeviceConsistencySignature.swift */,
				C25D7283236BDEDD00359C11 /* DeviceConsistencyMessage.swift */,
				C25D7285236BE48D00359C11 /* DeviceConsistencyCommitment.swift */,
			);
			path = DeviceConsistency;
			sourceTree = "<group>";
		};
		C273C80F2384F81100CC7522 /* LocalKeyStorage */ = {
			isa = PBXGroup;
			children = (
				C273C8072384E4EB00CC7522 /* UserModel.swift */,
				C273C8102384FB3000CC7522 /* SignalAddress.swift */,
				C273C8122384FD8C00CC7522 /* SignalIdentityKeyStore.swift */,
				C273C8142384FDD200CC7522 /* SignalKeyStore.swift */,
				C273C8162384FE3A00CC7522 /* SignalSessionStore.swift */,
				C273C8182384FE8700CC7522 /* SignalPreKeyStore.swift */,
				C273C81A2384FEE700CC7522 /* SignalSenderKeyStore.swift */,
				C273C81C2385189600CC7522 /* SignalSignedPreKeyStore.swift */,
				C273C81E238524FC00CC7522 /* SignalSenderKeyName.swift */,
				C273C8202385326E00CC7522 /* SignalGroupKeyStore.swift */,
			);
			path = LocalKeyStorage;
			sourceTree = "<group>";
		};
		C2763720236BD981007A563D /* Security */ = {
			isa = PBXGroup;
			children = (
				C25D7280236BDCED00359C11 /* DeviceConsistency */,
				C2763721236BD981007A563D /* EllipticKey */,
				C2763725236BD981007A563D /* Encryption */,
				C276372A236BD981007A563D /* Error */,
				C276372C236BD981007A563D /* FingerPrint */,
				C2763730236BD981007A563D /* KeyStorage */,
				C2763738236BD981007A563D /* MessageExchange */,
				C276373E236BD981007A563D /* ProtocolBuffer */,
				C2763748236BD981007A563D /* Ratchet */,
				C2763751236BD981007A563D /* Session */,
			);
			path = Security;
			sourceTree = "<group>";
		};
		C2763721236BD981007A563D /* EllipticKey */ = {
			isa = PBXGroup;
			children = (
				C2763722236BD981007A563D /* KeyPair.swift */,
				C2763723236BD981007A563D /* PrivateKey.swift */,
				C2763724236BD981007A563D /* PublicKey.swift */,
			);
			path = EllipticKey;
			sourceTree = "<group>";
		};
		C2763725236BD981007A563D /* Encryption */ = {
			isa = PBXGroup;
			children = (
				C2763726236BD981007A563D /* CommonSignalCrypto.swift */,
				C2763727236BD981007A563D /* GroupCipher.swift */,
				C2763728236BD981007A563D /* SenderKeyRecord.swift */,
				C2763729236BD981007A563D /* SenderKeyState.swift */,
				C25D7288236BE8CB00359C11 /* SessionCipher.swift */,
			);
			path = Encryption;
			sourceTree = "<group>";
		};
		C276372A236BD981007A563D /* Error */ = {
			isa = PBXGroup;
			children = (
				C276372B236BD981007A563D /* SignalError.swift */,
			);
			path = Error;
			sourceTree = "<group>";
		};
		C276372C236BD981007A563D /* FingerPrint */ = {
			isa = PBXGroup;
			children = (
				C276372D236BD981007A563D /* DisplayableFingerprint.swift */,
				C276372E236BD981007A563D /* Fingerprint.swift */,
				C276372F236BD981007A563D /* ScannableFingerprint.swift */,
			);
			path = FingerPrint;
			sourceTree = "<group>";
		};
		C2763730236BD981007A563D /* KeyStorage */ = {
			isa = PBXGroup;
			children = (
				C2763731236BD981007A563D /* GroupKeyStore.swift */,
				C2763732236BD981007A563D /* IdentityKeyStore.swift */,
				C2763733236BD981007A563D /* KeyStore.swift */,
				C2763734236BD981007A563D /* PreKeyStore.swift */,
				C2763735236BD981007A563D /* SenderKeyStore.swift */,
				C2763736236BD981007A563D /* SessionStore.swift */,
				C2763737236BD981007A563D /* SignedPreKeyStore.swift */,
			);
			path = KeyStorage;
			sourceTree = "<group>";
		};
		C2763738236BD981007A563D /* MessageExchange */ = {
			isa = PBXGroup;
			children = (
				C2763739236BD981007A563D /* CipherTextMessage.swift */,
				C276373A236BD981007A563D /* PreKeySignalMessage.swift */,
				C276373B236BD981007A563D /* SenderKeyDistributionMessage.swift */,
				C276373C236BD981007A563D /* SenderKeyMessage.swift */,
				C276373D236BD981007A563D /* SignalMessage.swift */,
			);
			path = MessageExchange;
			sourceTree = "<group>";
		};
		C276373E236BD981007A563D /* ProtocolBuffer */ = {
			isa = PBXGroup;
			children = (
				C276373F236BD981007A563D /* Fingerprint.pb.swift */,
				C2763740236BD981007A563D /* Fingerprint.proto */,
				C2763741236BD981007A563D /* LocalStorage.pb.swift */,
				C2763742236BD981007A563D /* LocalStorage.proto */,
				C2763743236BD981007A563D /* Messages.pb.swift */,
				C2763744236BD981007A563D /* Messages.proto */,
				C2763745236BD981007A563D /* ProtocolBufferConvertible.swift */,
				C2763746236BD981007A563D /* ProtocolBufferEquivalent.swift */,
				C2763747236BD981007A563D /* ProtocolBufferSerializable.swift */,
			);
			path = ProtocolBuffer;
			sourceTree = "<group>";
		};
		C2763748236BD981007A563D /* Ratchet */ = {
			isa = PBXGroup;
			children = (
				C2763749236BD981007A563D /* HKDF.swift */,
				C276374A236BD981007A563D /* RatchetChainKey.swift */,
				C276374B236BD981007A563D /* RatchetMessageKey.swift */,
				C276374C236BD981007A563D /* RatchetRootKey.swift */,
				C276374D236BD981007A563D /* ReceiverChain.swift */,
				C276374E236BD981007A563D /* SenderChain.swift */,
				C276374F236BD981007A563D /* SenderChainKey.swift */,
				C2763750236BD981007A563D /* SenderMessageKey.swift */,
			);
			path = Ratchet;
			sourceTree = "<group>";
		};
		C2763751236BD981007A563D /* Session */ = {
			isa = PBXGroup;
			children = (
				C2763752236BD981007A563D /* PendingPreKey.swift */,
				C2763753236BD981007A563D /* SessionBuilder.swift */,
				C2763754236BD981007A563D /* SessionPreKey.swift */,
				C2763755236BD981007A563D /* SessionPreKeyBundle.swift */,
				C2763756236BD981007A563D /* SessionPreKeyPublic.swift */,
				C2763757236BD981007A563D /* SessionRecord.swift */,
				C2763758236BD981007A563D /* SessionSignedPreKey.swift */,
				C2763759236BD981007A563D /* SessionSignedPreKeyPublic.swift */,
				C276375A236BD981007A563D /* SessionState.swift */,
			);
			path = Session;
			sourceTree = "<group>";
		};
		CF7F17D9A1668327563957B2 /* Frameworks */ = {
			isa = PBXGroup;
			children = (
				317644017F8F555E3EE757CF /* Pods_E2EE.framework */,
				669DCAAD94F20C41F7BA0FBC /* Pods_E2EE_E2EEUITests.framework */,
				2B4F3E4287CAF0019291820F /* Pods_E2EETests.framework */,
			);
			name = Frameworks;
			sourceTree = "<group>";
		};
/* End PBXGroup section */

/* Begin PBXNativeTarget section */
		814F61B623595A3700A6AA44 /* E2EE */ = {
			isa = PBXNativeTarget;
			buildConfigurationList = 814F61E123595A3B00A6AA44 /* Build configuration list for PBXNativeTarget "E2EE" */;
			buildPhases = (
				2916027474AAC34D7CB16F82 /* [CP] Check Pods Manifest.lock */,
				814F61B323595A3700A6AA44 /* Sources */,
				814F61B423595A3700A6AA44 /* Frameworks */,
				814F61B523595A3700A6AA44 /* Resources */,
				10801BAEC28A98D8A85A0425 /* [CP] Embed Pods Frameworks */,
			);
			buildRules = (
			);
			dependencies = (
			);
			name = E2EE;
			productName = E2EE;
			productReference = 814F61B723595A3700A6AA44 /* E2EE.app */;
			productType = "com.apple.product-type.application";
		};
		814F61CC23595A3B00A6AA44 /* E2EETests */ = {
			isa = PBXNativeTarget;
			buildConfigurationList = 814F61E423595A3B00A6AA44 /* Build configuration list for PBXNativeTarget "E2EETests" */;
			buildPhases = (
				B7C052B9762B3094F52D0AFB /* [CP] Check Pods Manifest.lock */,
				814F61C923595A3B00A6AA44 /* Sources */,
				814F61CA23595A3B00A6AA44 /* Frameworks */,
				814F61CB23595A3B00A6AA44 /* Resources */,
				66A0F2BE2922CA415B14DCEF /* [CP] Embed Pods Frameworks */,
			);
			buildRules = (
			);
			dependencies = (
				814F61CF23595A3B00A6AA44 /* PBXTargetDependency */,
			);
			name = E2EETests;
			productName = E2EETests;
			productReference = 814F61CD23595A3B00A6AA44 /* E2EETests.xctest */;
			productType = "com.apple.product-type.bundle.unit-test";
		};
		814F61D723595A3B00A6AA44 /* E2EEUITests */ = {
			isa = PBXNativeTarget;
			buildConfigurationList = 814F61E723595A3B00A6AA44 /* Build configuration list for PBXNativeTarget "E2EEUITests" */;
			buildPhases = (
				A098D44439E2FB7B052F9A9C /* [CP] Check Pods Manifest.lock */,
				814F61D423595A3B00A6AA44 /* Sources */,
				814F61D523595A3B00A6AA44 /* Frameworks */,
				814F61D623595A3B00A6AA44 /* Resources */,
				995C6A7AD75A8994BA23D13A /* [CP] Embed Pods Frameworks */,
			);
			buildRules = (
			);
			dependencies = (
				814F61DA23595A3B00A6AA44 /* PBXTargetDependency */,
			);
			name = E2EEUITests;
			productName = E2EEUITests;
			productReference = 814F61D823595A3B00A6AA44 /* E2EEUITests.xctest */;
			productType = "com.apple.product-type.bundle.ui-testing";
		};
/* End PBXNativeTarget section */

/* Begin PBXProject section */
		814F61AF23595A3700A6AA44 /* Project object */ = {
			isa = PBXProject;
			attributes = {
				LastSwiftUpdateCheck = 1110;
				LastUpgradeCheck = 1110;
				ORGANIZATIONNAME = ThangNVH;
				TargetAttributes = {
					814F61B623595A3700A6AA44 = {
						CreatedOnToolsVersion = 11.1;
					};
					814F61CC23595A3B00A6AA44 = {
						CreatedOnToolsVersion = 11.1;
						TestTargetID = 814F61B623595A3700A6AA44;
					};
					814F61D723595A3B00A6AA44 = {
						CreatedOnToolsVersion = 11.1;
						TestTargetID = 814F61B623595A3700A6AA44;
					};
				};
			};
			buildConfigurationList = 814F61B223595A3700A6AA44 /* Build configuration list for PBXProject "E2EE" */;
			compatibilityVersion = "Xcode 9.3";
			developmentRegion = en;
			hasScannedForEncodings = 0;
			knownRegions = (
				en,
				Base,
			);
			mainGroup = 814F61AE23595A3700A6AA44;
			productRefGroup = 814F61B823595A3700A6AA44 /* Products */;
			projectDirPath = "";
			projectRoot = "";
			targets = (
				814F61B623595A3700A6AA44 /* E2EE */,
				814F61CC23595A3B00A6AA44 /* E2EETests */,
				814F61D723595A3B00A6AA44 /* E2EEUITests */,
			);
		};
/* End PBXProject section */

/* Begin PBXResourcesBuildPhase section */
		814F61B523595A3700A6AA44 /* Resources */ = {
			isa = PBXResourcesBuildPhase;
			buildActionMask = 2147483647;
			files = (
				814F61C723595A3A00A6AA44 /* LaunchScreen.storyboard in Resources */,
				C209486C239E542C00DC8A7D /* GoogleService-Info.plist in Resources */,
				814F61C423595A3A00A6AA44 /* Assets.xcassets in Resources */,
				814F61C223595A3700A6AA44 /* Main.storyboard in Resources */,
			);
			runOnlyForDeploymentPostprocessing = 0;
		};
		814F61CB23595A3B00A6AA44 /* Resources */ = {
			isa = PBXResourcesBuildPhase;
			buildActionMask = 2147483647;
			files = (
			);
			runOnlyForDeploymentPostprocessing = 0;
		};
		814F61D623595A3B00A6AA44 /* Resources */ = {
			isa = PBXResourcesBuildPhase;
			buildActionMask = 2147483647;
			files = (
			);
			runOnlyForDeploymentPostprocessing = 0;
		};
/* End PBXResourcesBuildPhase section */

/* Begin PBXShellScriptBuildPhase section */
		10801BAEC28A98D8A85A0425 /* [CP] Embed Pods Frameworks */ = {
			isa = PBXShellScriptBuildPhase;
			buildActionMask = 2147483647;
			files = (
			);
			inputFileListPaths = (
				"${PODS_ROOT}/Target Support Files/Pods-E2EE/Pods-E2EE-frameworks-${CONFIGURATION}-input-files.xcfilelist",
			);
			name = "[CP] Embed Pods Frameworks";
			outputFileListPaths = (
				"${PODS_ROOT}/Target Support Files/Pods-E2EE/Pods-E2EE-frameworks-${CONFIGURATION}-output-files.xcfilelist",
			);
			runOnlyForDeploymentPostprocessing = 0;
			shellPath = /bin/sh;
			shellScript = "\"${PODS_ROOT}/Target Support Files/Pods-E2EE/Pods-E2EE-frameworks.sh\"\n";
			showEnvVarsInLog = 0;
		};
		2916027474AAC34D7CB16F82 /* [CP] Check Pods Manifest.lock */ = {
			isa = PBXShellScriptBuildPhase;
			buildActionMask = 2147483647;
			files = (
			);
			inputFileListPaths = (
			);
			inputPaths = (
				"${PODS_PODFILE_DIR_PATH}/Podfile.lock",
				"${PODS_ROOT}/Manifest.lock",
			);
			name = "[CP] Check Pods Manifest.lock";
			outputFileListPaths = (
			);
			outputPaths = (
				"$(DERIVED_FILE_DIR)/Pods-E2EE-checkManifestLockResult.txt",
			);
			runOnlyForDeploymentPostprocessing = 0;
			shellPath = /bin/sh;
			shellScript = "diff \"${PODS_PODFILE_DIR_PATH}/Podfile.lock\" \"${PODS_ROOT}/Manifest.lock\" > /dev/null\nif [ $? != 0 ] ; then\n    # print error to STDERR\n    echo \"error: The sandbox is not in sync with the Podfile.lock. Run 'pod install' or update your CocoaPods installation.\" >&2\n    exit 1\nfi\n# This output is used by Xcode 'outputs' to avoid re-running this script phase.\necho \"SUCCESS\" > \"${SCRIPT_OUTPUT_FILE_0}\"\n";
			showEnvVarsInLog = 0;
		};
		66A0F2BE2922CA415B14DCEF /* [CP] Embed Pods Frameworks */ = {
			isa = PBXShellScriptBuildPhase;
			buildActionMask = 2147483647;
			files = (
			);
			inputFileListPaths = (
				"${PODS_ROOT}/Target Support Files/Pods-E2EETests/Pods-E2EETests-frameworks-${CONFIGURATION}-input-files.xcfilelist",
			);
			name = "[CP] Embed Pods Frameworks";
			outputFileListPaths = (
				"${PODS_ROOT}/Target Support Files/Pods-E2EETests/Pods-E2EETests-frameworks-${CONFIGURATION}-output-files.xcfilelist",
			);
			runOnlyForDeploymentPostprocessing = 0;
			shellPath = /bin/sh;
			shellScript = "\"${PODS_ROOT}/Target Support Files/Pods-E2EETests/Pods-E2EETests-frameworks.sh\"\n";
			showEnvVarsInLog = 0;
		};
		995C6A7AD75A8994BA23D13A /* [CP] Embed Pods Frameworks */ = {
			isa = PBXShellScriptBuildPhase;
			buildActionMask = 2147483647;
			files = (
			);
			inputFileListPaths = (
				"${PODS_ROOT}/Target Support Files/Pods-E2EE-E2EEUITests/Pods-E2EE-E2EEUITests-frameworks-${CONFIGURATION}-input-files.xcfilelist",
			);
			name = "[CP] Embed Pods Frameworks";
			outputFileListPaths = (
				"${PODS_ROOT}/Target Support Files/Pods-E2EE-E2EEUITests/Pods-E2EE-E2EEUITests-frameworks-${CONFIGURATION}-output-files.xcfilelist",
			);
			runOnlyForDeploymentPostprocessing = 0;
			shellPath = /bin/sh;
			shellScript = "\"${PODS_ROOT}/Target Support Files/Pods-E2EE-E2EEUITests/Pods-E2EE-E2EEUITests-frameworks.sh\"\n";
			showEnvVarsInLog = 0;
		};
		A098D44439E2FB7B052F9A9C /* [CP] Check Pods Manifest.lock */ = {
			isa = PBXShellScriptBuildPhase;
			buildActionMask = 2147483647;
			files = (
			);
			inputFileListPaths = (
			);
			inputPaths = (
				"${PODS_PODFILE_DIR_PATH}/Podfile.lock",
				"${PODS_ROOT}/Manifest.lock",
			);
			name = "[CP] Check Pods Manifest.lock";
			outputFileListPaths = (
			);
			outputPaths = (
				"$(DERIVED_FILE_DIR)/Pods-E2EE-E2EEUITests-checkManifestLockResult.txt",
			);
			runOnlyForDeploymentPostprocessing = 0;
			shellPath = /bin/sh;
			shellScript = "diff \"${PODS_PODFILE_DIR_PATH}/Podfile.lock\" \"${PODS_ROOT}/Manifest.lock\" > /dev/null\nif [ $? != 0 ] ; then\n    # print error to STDERR\n    echo \"error: The sandbox is not in sync with the Podfile.lock. Run 'pod install' or update your CocoaPods installation.\" >&2\n    exit 1\nfi\n# This output is used by Xcode 'outputs' to avoid re-running this script phase.\necho \"SUCCESS\" > \"${SCRIPT_OUTPUT_FILE_0}\"\n";
			showEnvVarsInLog = 0;
		};
		B7C052B9762B3094F52D0AFB /* [CP] Check Pods Manifest.lock */ = {
			isa = PBXShellScriptBuildPhase;
			buildActionMask = 2147483647;
			files = (
			);
			inputFileListPaths = (
			);
			inputPaths = (
				"${PODS_PODFILE_DIR_PATH}/Podfile.lock",
				"${PODS_ROOT}/Manifest.lock",
			);
			name = "[CP] Check Pods Manifest.lock";
			outputFileListPaths = (
			);
			outputPaths = (
				"$(DERIVED_FILE_DIR)/Pods-E2EETests-checkManifestLockResult.txt",
			);
			runOnlyForDeploymentPostprocessing = 0;
			shellPath = /bin/sh;
			shellScript = "diff \"${PODS_PODFILE_DIR_PATH}/Podfile.lock\" \"${PODS_ROOT}/Manifest.lock\" > /dev/null\nif [ $? != 0 ] ; then\n    # print error to STDERR\n    echo \"error: The sandbox is not in sync with the Podfile.lock. Run 'pod install' or update your CocoaPods installation.\" >&2\n    exit 1\nfi\n# This output is used by Xcode 'outputs' to avoid re-running this script phase.\necho \"SUCCESS\" > \"${SCRIPT_OUTPUT_FILE_0}\"\n";
			showEnvVarsInLog = 0;
		};
/* End PBXShellScriptBuildPhase section */

/* Begin PBXSourcesBuildPhase section */
		814F61B323595A3700A6AA44 /* Sources */ = {
			isa = PBXSourcesBuildPhase;
			buildActionMask = 2147483647;
			files = (
				C276378B236BD981007A563D /* SessionState.swift in Sources */,
				C203CE222371670100E71171 /* NetBaseSocketAdapter.swift in Sources */,
				C2763761236BD981007A563D /* SenderKeyState.swift in Sources */,
				C2763768236BD981007A563D /* KeyStore.swift in Sources */,
				C2763786236BD981007A563D /* SessionPreKeyBundle.swift in Sources */,
				C276376A236BD981007A563D /* SenderKeyStore.swift in Sources */,
				C2763777236BD981007A563D /* Messages.proto in Sources */,
				C2763772236BD981007A563D /* Fingerprint.pb.swift in Sources */,
				C276377C236BD981007A563D /* RatchetChainKey.swift in Sources */,
				C2763776236BD981007A563D /* Messages.pb.swift in Sources */,
				C273C81D2385189600CC7522 /* SignalSignedPreKeyStore.swift in Sources */,
				C276377E236BD981007A563D /* RatchetRootKey.swift in Sources */,
				C2763766236BD981007A563D /* GroupKeyStore.swift in Sources */,
				C2763773236BD981007A563D /* Fingerprint.proto in Sources */,
				C25D7282236BDD0B00359C11 /* DeviceConsistencySignature.swift in Sources */,
				C2763780236BD981007A563D /* SenderChain.swift in Sources */,
				C2763785236BD981007A563D /* SessionPreKey.swift in Sources */,
				C2763771236BD981007A563D /* SignalMessage.swift in Sources */,
				C276377F236BD981007A563D /* ReceiverChain.swift in Sources */,
				C276375F236BD981007A563D /* GroupCipher.swift in Sources */,
				C273C8112384FB3000CC7522 /* SignalAddress.swift in Sources */,
				C276376C236BD981007A563D /* SignedPreKeyStore.swift in Sources */,
				C2763789236BD981007A563D /* SessionSignedPreKey.swift in Sources */,
				C2763787236BD981007A563D /* SessionPreKeyPublic.swift in Sources */,
				C2763769236BD981007A563D /* PreKeyStore.swift in Sources */,
				C2763782236BD981007A563D /* SenderMessageKey.swift in Sources */,
				C25D7289236BE8CB00359C11 /* SessionCipher.swift in Sources */,
				C273C81B2384FEE700CC7522 /* SignalSenderKeyStore.swift in Sources */,
				C2763764236BD981007A563D /* Fingerprint.swift in Sources */,
				C273C8082384E4EB00CC7522 /* UserModel.swift in Sources */,
				C2763760236BD981007A563D /* SenderKeyRecord.swift in Sources */,
				C276376B236BD981007A563D /* SessionStore.swift in Sources */,
				C203CE202371654500E71171 /* NetworkSocket.swift in Sources */,
				C276375D236BD981007A563D /* PublicKey.swift in Sources */,
				C2094867239E46AD00DC8A7D /* FirebaseKeyStorage.swift in Sources */,
				C209486A239E46DA00DC8A7D /* CurrentLoginUser.swift in Sources */,
				C2763765236BD981007A563D /* ScannableFingerprint.swift in Sources */,
				C2763762236BD981007A563D /* SignalError.swift in Sources */,
				C2763770236BD981007A563D /* SenderKeyMessage.swift in Sources */,
				814F61BF23595A3700A6AA44 /* ViewController.swift in Sources */,
				C276376E236BD981007A563D /* PreKeySignalMessage.swift in Sources */,
				C2763774236BD981007A563D /* LocalStorage.pb.swift in Sources */,
				537280F123730A570074F9EA /* SignalSocket.swift in Sources */,
				C2094865239E46A200DC8A7D /* FirebaseUserStorage.swift in Sources */,
				C25D7284236BDEDD00359C11 /* DeviceConsistencyMessage.swift in Sources */,
				C2763788236BD981007A563D /* SessionRecord.swift in Sources */,
				C2763778236BD981007A563D /* ProtocolBufferConvertible.swift in Sources */,
				C276376D236BD981007A563D /* CipherTextMessage.swift in Sources */,
				C2763763236BD981007A563D /* DisplayableFingerprint.swift in Sources */,
				C2763779236BD981007A563D /* ProtocolBufferEquivalent.swift in Sources */,
				C203CE2823717E7600E71171 /* StreamSocket.swift in Sources */,
				C2763781236BD981007A563D /* SenderChainKey.swift in Sources */,
				C273C8172384FE3A00CC7522 /* SignalSessionStore.swift in Sources */,
				C273C81F238524FC00CC7522 /* SignalSenderKeyName.swift in Sources */,
				C276377D236BD981007A563D /* RatchetMessageKey.swift in Sources */,
				C276375E236BD981007A563D /* CommonSignalCrypto.swift in Sources */,
				C2763783236BD981007A563D /* PendingPreKey.swift in Sources */,
				C276377B236BD981007A563D /* HKDF.swift in Sources */,
				C273C8192384FE8700CC7522 /* SignalPreKeyStore.swift in Sources */,
				C276375B236BD981007A563D /* KeyPair.swift in Sources */,
				C2763767236BD981007A563D /* IdentityKeyStore.swift in Sources */,
				814F61BB23595A3700A6AA44 /* AppDelegate.swift in Sources */,
				C2763784236BD981007A563D /* SessionBuilder.swift in Sources */,
				C25D7286236BE48D00359C11 /* DeviceConsistencyCommitment.swift in Sources */,
				814F61BD23595A3700A6AA44 /* SceneDelegate.swift in Sources */,
				C273C8152384FDD200CC7522 /* SignalKeyStore.swift in Sources */,
				C276378A236BD981007A563D /* SessionSignedPreKeyPublic.swift in Sources */,
				C273C8212385326E00CC7522 /* SignalGroupKeyStore.swift in Sources */,
				C273C8132384FD8C00CC7522 /* SignalIdentityKeyStore.swift in Sources */,
				C276377A236BD981007A563D /* ProtocolBufferSerializable.swift in Sources */,
				C276376F236BD981007A563D /* SenderKeyDistributionMessage.swift in Sources */,
				C276375C236BD981007A563D /* PrivateKey.swift in Sources */,
				C2763775236BD981007A563D /* LocalStorage.proto in Sources */,
			);
			runOnlyForDeploymentPostprocessing = 0;
		};
		814F61C923595A3B00A6AA44 /* Sources */ = {
			isa = PBXSourcesBuildPhase;
			buildActionMask = 2147483647;
			files = (
				C26D3992238D34FC0087C867 /* GroupComunicationTest.swift in Sources */,
				C209486E239E56D000DC8A7D /* AliceActivity.swift in Sources */,
				C2094870239E56DE00DC8A7D /* BobActivity.swift in Sources */,
				C278C5552394B3A10095757A /* NetworkTest.swift in Sources */,
				814F61D223595A3B00A6AA44 /* PairComunicationTest.swift in Sources */,
			);
			runOnlyForDeploymentPostprocessing = 0;
		};
		814F61D423595A3B00A6AA44 /* Sources */ = {
			isa = PBXSourcesBuildPhase;
			buildActionMask = 2147483647;
			files = (
				814F61DD23595A3B00A6AA44 /* E2EEUITests.swift in Sources */,
			);
			runOnlyForDeploymentPostprocessing = 0;
		};
/* End PBXSourcesBuildPhase section */

/* Begin PBXTargetDependency section */
		814F61CF23595A3B00A6AA44 /* PBXTargetDependency */ = {
			isa = PBXTargetDependency;
			target = 814F61B623595A3700A6AA44 /* E2EE */;
			targetProxy = 814F61CE23595A3B00A6AA44 /* PBXContainerItemProxy */;
		};
		814F61DA23595A3B00A6AA44 /* PBXTargetDependency */ = {
			isa = PBXTargetDependency;
			target = 814F61B623595A3700A6AA44 /* E2EE */;
			targetProxy = 814F61D923595A3B00A6AA44 /* PBXContainerItemProxy */;
		};
/* End PBXTargetDependency section */

/* Begin PBXVariantGroup section */
		814F61C023595A3700A6AA44 /* Main.storyboard */ = {
			isa = PBXVariantGroup;
			children = (
				814F61C123595A3700A6AA44 /* Base */,
			);
			name = Main.storyboard;
			sourceTree = "<group>";
		};
		814F61C523595A3A00A6AA44 /* LaunchScreen.storyboard */ = {
			isa = PBXVariantGroup;
			children = (
				814F61C623595A3A00A6AA44 /* Base */,
			);
			name = LaunchScreen.storyboard;
			sourceTree = "<group>";
		};
/* End PBXVariantGroup section */

/* Begin XCBuildConfiguration section */
		814F61DF23595A3B00A6AA44 /* Debug */ = {
			isa = XCBuildConfiguration;
			buildSettings = {
				ALWAYS_SEARCH_USER_PATHS = NO;
				CLANG_ANALYZER_NONNULL = YES;
				CLANG_ANALYZER_NUMBER_OBJECT_CONVERSION = YES_AGGRESSIVE;
				CLANG_CXX_LANGUAGE_STANDARD = "gnu++14";
				CLANG_CXX_LIBRARY = "libc++";
				CLANG_ENABLE_MODULES = YES;
				CLANG_ENABLE_OBJC_ARC = YES;
				CLANG_ENABLE_OBJC_WEAK = YES;
				CLANG_WARN_BLOCK_CAPTURE_AUTORELEASING = YES;
				CLANG_WARN_BOOL_CONVERSION = YES;
				CLANG_WARN_COMMA = YES;
				CLANG_WARN_CONSTANT_CONVERSION = YES;
				CLANG_WARN_DEPRECATED_OBJC_IMPLEMENTATIONS = YES;
				CLANG_WARN_DIRECT_OBJC_ISA_USAGE = YES_ERROR;
				CLANG_WARN_DOCUMENTATION_COMMENTS = YES;
				CLANG_WARN_EMPTY_BODY = YES;
				CLANG_WARN_ENUM_CONVERSION = YES;
				CLANG_WARN_INFINITE_RECURSION = YES;
				CLANG_WARN_INT_CONVERSION = YES;
				CLANG_WARN_NON_LITERAL_NULL_CONVERSION = YES;
				CLANG_WARN_OBJC_IMPLICIT_RETAIN_SELF = YES;
				CLANG_WARN_OBJC_LITERAL_CONVERSION = YES;
				CLANG_WARN_OBJC_ROOT_CLASS = YES_ERROR;
				CLANG_WARN_RANGE_LOOP_ANALYSIS = YES;
				CLANG_WARN_STRICT_PROTOTYPES = YES;
				CLANG_WARN_SUSPICIOUS_MOVE = YES;
				CLANG_WARN_UNGUARDED_AVAILABILITY = YES_AGGRESSIVE;
				CLANG_WARN_UNREACHABLE_CODE = YES;
				CLANG_WARN__DUPLICATE_METHOD_MATCH = YES;
				COPY_PHASE_STRIP = NO;
				DEBUG_INFORMATION_FORMAT = dwarf;
				ENABLE_STRICT_OBJC_MSGSEND = YES;
				ENABLE_TESTABILITY = YES;
				GCC_C_LANGUAGE_STANDARD = gnu11;
				GCC_DYNAMIC_NO_PIC = NO;
				GCC_NO_COMMON_BLOCKS = YES;
				GCC_OPTIMIZATION_LEVEL = 0;
				GCC_PREPROCESSOR_DEFINITIONS = (
					"DEBUG=1",
					"$(inherited)",
				);
				GCC_WARN_64_TO_32_BIT_CONVERSION = YES;
				GCC_WARN_ABOUT_RETURN_TYPE = YES_ERROR;
				GCC_WARN_UNDECLARED_SELECTOR = YES;
				GCC_WARN_UNINITIALIZED_AUTOS = YES_AGGRESSIVE;
				GCC_WARN_UNUSED_FUNCTION = YES;
				GCC_WARN_UNUSED_VARIABLE = YES;
				IPHONEOS_DEPLOYMENT_TARGET = 13.1;
				MTL_ENABLE_DEBUG_INFO = INCLUDE_SOURCE;
				MTL_FAST_MATH = YES;
				ONLY_ACTIVE_ARCH = YES;
				SDKROOT = iphoneos;
				SWIFT_ACTIVE_COMPILATION_CONDITIONS = DEBUG;
				SWIFT_OPTIMIZATION_LEVEL = "-Onone";
			};
			name = Debug;
		};
		814F61E023595A3B00A6AA44 /* Release */ = {
			isa = XCBuildConfiguration;
			buildSettings = {
				ALWAYS_SEARCH_USER_PATHS = NO;
				CLANG_ANALYZER_NONNULL = YES;
				CLANG_ANALYZER_NUMBER_OBJECT_CONVERSION = YES_AGGRESSIVE;
				CLANG_CXX_LANGUAGE_STANDARD = "gnu++14";
				CLANG_CXX_LIBRARY = "libc++";
				CLANG_ENABLE_MODULES = YES;
				CLANG_ENABLE_OBJC_ARC = YES;
				CLANG_ENABLE_OBJC_WEAK = YES;
				CLANG_WARN_BLOCK_CAPTURE_AUTORELEASING = YES;
				CLANG_WARN_BOOL_CONVERSION = YES;
				CLANG_WARN_COMMA = YES;
				CLANG_WARN_CONSTANT_CONVERSION = YES;
				CLANG_WARN_DEPRECATED_OBJC_IMPLEMENTATIONS = YES;
				CLANG_WARN_DIRECT_OBJC_ISA_USAGE = YES_ERROR;
				CLANG_WARN_DOCUMENTATION_COMMENTS = YES;
				CLANG_WARN_EMPTY_BODY = YES;
				CLANG_WARN_ENUM_CONVERSION = YES;
				CLANG_WARN_INFINITE_RECURSION = YES;
				CLANG_WARN_INT_CONVERSION = YES;
				CLANG_WARN_NON_LITERAL_NULL_CONVERSION = YES;
				CLANG_WARN_OBJC_IMPLICIT_RETAIN_SELF = YES;
				CLANG_WARN_OBJC_LITERAL_CONVERSION = YES;
				CLANG_WARN_OBJC_ROOT_CLASS = YES_ERROR;
				CLANG_WARN_RANGE_LOOP_ANALYSIS = YES;
				CLANG_WARN_STRICT_PROTOTYPES = YES;
				CLANG_WARN_SUSPICIOUS_MOVE = YES;
				CLANG_WARN_UNGUARDED_AVAILABILITY = YES_AGGRESSIVE;
				CLANG_WARN_UNREACHABLE_CODE = YES;
				CLANG_WARN__DUPLICATE_METHOD_MATCH = YES;
				COPY_PHASE_STRIP = NO;
				DEBUG_INFORMATION_FORMAT = "dwarf-with-dsym";
				ENABLE_NS_ASSERTIONS = NO;
				ENABLE_STRICT_OBJC_MSGSEND = YES;
				GCC_C_LANGUAGE_STANDARD = gnu11;
				GCC_NO_COMMON_BLOCKS = YES;
				GCC_WARN_64_TO_32_BIT_CONVERSION = YES;
				GCC_WARN_ABOUT_RETURN_TYPE = YES_ERROR;
				GCC_WARN_UNDECLARED_SELECTOR = YES;
				GCC_WARN_UNINITIALIZED_AUTOS = YES_AGGRESSIVE;
				GCC_WARN_UNUSED_FUNCTION = YES;
				GCC_WARN_UNUSED_VARIABLE = YES;
				IPHONEOS_DEPLOYMENT_TARGET = 13.1;
				MTL_ENABLE_DEBUG_INFO = NO;
				MTL_FAST_MATH = YES;
				SDKROOT = iphoneos;
				SWIFT_COMPILATION_MODE = wholemodule;
				SWIFT_OPTIMIZATION_LEVEL = "-O";
				VALIDATE_PRODUCT = YES;
			};
			name = Release;
		};
		814F61E223595A3B00A6AA44 /* Debug */ = {
			isa = XCBuildConfiguration;
			baseConfigurationReference = FEEAD81F2887B72589C0187B /* Pods-E2EE.debug.xcconfig */;
			buildSettings = {
				ASSETCATALOG_COMPILER_APPICON_NAME = AppIcon;
				CODE_SIGN_IDENTITY = "Apple Development";
				CODE_SIGN_STYLE = Automatic;
				DEVELOPMENT_TEAM = 3NLA5R24DG;
				INFOPLIST_FILE = E2EE/Info.plist;
				IPHONEOS_DEPLOYMENT_TARGET = 9.0;
				LD_RUNPATH_SEARCH_PATHS = (
					"$(inherited)",
					"@executable_path/Frameworks",
				);
				PRODUCT_BUNDLE_IDENTIFIER = fresher.assignment.E2EE;
				PRODUCT_NAME = "$(TARGET_NAME)";
				PROVISIONING_PROFILE_SPECIFIER = "";
				SWIFT_VERSION = 5.0;
				TARGETED_DEVICE_FAMILY = "1,2";
			};
			name = Debug;
		};
		814F61E323595A3B00A6AA44 /* Release */ = {
			isa = XCBuildConfiguration;
			baseConfigurationReference = CB87BCF5BB3B7F7B68654098 /* Pods-E2EE.release.xcconfig */;
			buildSettings = {
				ASSETCATALOG_COMPILER_APPICON_NAME = AppIcon;
				CODE_SIGN_IDENTITY = "Apple Development";
				CODE_SIGN_STYLE = Automatic;
				DEVELOPMENT_TEAM = 3NLA5R24DG;
				INFOPLIST_FILE = E2EE/Info.plist;
				IPHONEOS_DEPLOYMENT_TARGET = 9.0;
				LD_RUNPATH_SEARCH_PATHS = (
					"$(inherited)",
					"@executable_path/Frameworks",
				);
				PRODUCT_BUNDLE_IDENTIFIER = fresher.assignment.E2EE;
				PRODUCT_NAME = "$(TARGET_NAME)";
				PROVISIONING_PROFILE_SPECIFIER = "";
				SWIFT_VERSION = 5.0;
				TARGETED_DEVICE_FAMILY = "1,2";
			};
			name = Release;
		};
		814F61E523595A3B00A6AA44 /* Debug */ = {
			isa = XCBuildConfiguration;
			baseConfigurationReference = 1EC2E78D4FDB9D02A56600AC /* Pods-E2EETests.debug.xcconfig */;
			buildSettings = {
				ALWAYS_EMBED_SWIFT_STANDARD_LIBRARIES = YES;
				BUNDLE_LOADER = "$(TEST_HOST)";
				CODE_SIGN_STYLE = Automatic;
				DEVELOPMENT_TEAM = 3NLA5R24DG;
				INFOPLIST_FILE = E2EETests/Info.plist;
				IPHONEOS_DEPLOYMENT_TARGET = 13.1;
				LD_RUNPATH_SEARCH_PATHS = (
					"$(inherited)",
					"@executable_path/Frameworks",
					"@loader_path/Frameworks",
				);
				PRODUCT_BUNDLE_IDENTIFIER = za.fresher.assignment.E2EETests;
				PRODUCT_NAME = "$(TARGET_NAME)";
				SWIFT_VERSION = 5.0;
				TARGETED_DEVICE_FAMILY = "1,2";
				TEST_HOST = "$(BUILT_PRODUCTS_DIR)/E2EE.app/E2EE";
			};
			name = Debug;
		};
		814F61E623595A3B00A6AA44 /* Release */ = {
			isa = XCBuildConfiguration;
			baseConfigurationReference = 91924533B0CE1BBD58F6278C /* Pods-E2EETests.release.xcconfig */;
			buildSettings = {
				ALWAYS_EMBED_SWIFT_STANDARD_LIBRARIES = YES;
				BUNDLE_LOADER = "$(TEST_HOST)";
				CODE_SIGN_STYLE = Automatic;
				DEVELOPMENT_TEAM = 3NLA5R24DG;
				INFOPLIST_FILE = E2EETests/Info.plist;
				IPHONEOS_DEPLOYMENT_TARGET = 13.1;
				LD_RUNPATH_SEARCH_PATHS = (
					"$(inherited)",
					"@executable_path/Frameworks",
					"@loader_path/Frameworks",
				);
				PRODUCT_BUNDLE_IDENTIFIER = za.fresher.assignment.E2EETests;
				PRODUCT_NAME = "$(TARGET_NAME)";
				SWIFT_VERSION = 5.0;
				TARGETED_DEVICE_FAMILY = "1,2";
				TEST_HOST = "$(BUILT_PRODUCTS_DIR)/E2EE.app/E2EE";
			};
			name = Release;
		};
		814F61E823595A3B00A6AA44 /* Debug */ = {
			isa = XCBuildConfiguration;
			baseConfigurationReference = 0C228D38E295528F19A781FC /* Pods-E2EE-E2EEUITests.debug.xcconfig */;
			buildSettings = {
				ALWAYS_EMBED_SWIFT_STANDARD_LIBRARIES = YES;
				"CODE_SIGN_IDENTITY[sdk=macosx*]" = "Apple Development";
				CODE_SIGN_STYLE = Automatic;
				DEVELOPMENT_TEAM = 3NLA5R24DG;
				INFOPLIST_FILE = E2EEUITests/Info.plist;
				LD_RUNPATH_SEARCH_PATHS = (
					"$(inherited)",
					"@executable_path/Frameworks",
					"@loader_path/Frameworks",
				);
				PRODUCT_BUNDLE_IDENTIFIER = za.fresher.assignment.E2EEUITests;
				PRODUCT_NAME = "$(TARGET_NAME)";
				SWIFT_VERSION = 5.0;
				TARGETED_DEVICE_FAMILY = "1,2";
				TEST_TARGET_NAME = E2EE;
			};
			name = Debug;
		};
		814F61E923595A3B00A6AA44 /* Release */ = {
			isa = XCBuildConfiguration;
			baseConfigurationReference = 5EF4F8F96B03EC46DAEF9048 /* Pods-E2EE-E2EEUITests.release.xcconfig */;
			buildSettings = {
				ALWAYS_EMBED_SWIFT_STANDARD_LIBRARIES = YES;
				"CODE_SIGN_IDENTITY[sdk=macosx*]" = "Apple Development";
				CODE_SIGN_STYLE = Automatic;
				DEVELOPMENT_TEAM = 3NLA5R24DG;
				INFOPLIST_FILE = E2EEUITests/Info.plist;
				LD_RUNPATH_SEARCH_PATHS = (
					"$(inherited)",
					"@executable_path/Frameworks",
					"@loader_path/Frameworks",
				);
				PRODUCT_BUNDLE_IDENTIFIER = za.fresher.assignment.E2EEUITests;
				PRODUCT_NAME = "$(TARGET_NAME)";
				SWIFT_VERSION = 5.0;
				TARGETED_DEVICE_FAMILY = "1,2";
				TEST_TARGET_NAME = E2EE;
			};
			name = Release;
		};
/* End XCBuildConfiguration section */

/* Begin XCConfigurationList section */
		814F61B223595A3700A6AA44 /* Build configuration list for PBXProject "E2EE" */ = {
			isa = XCConfigurationList;
			buildConfigurations = (
				814F61DF23595A3B00A6AA44 /* Debug */,
				814F61E023595A3B00A6AA44 /* Release */,
			);
			defaultConfigurationIsVisible = 0;
			defaultConfigurationName = Release;
		};
		814F61E123595A3B00A6AA44 /* Build configuration list for PBXNativeTarget "E2EE" */ = {
			isa = XCConfigurationList;
			buildConfigurations = (
				814F61E223595A3B00A6AA44 /* Debug */,
				814F61E323595A3B00A6AA44 /* Release */,
			);
			defaultConfigurationIsVisible = 0;
			defaultConfigurationName = Release;
		};
		814F61E423595A3B00A6AA44 /* Build configuration list for PBXNativeTarget "E2EETests" */ = {
			isa = XCConfigurationList;
			buildConfigurations = (
				814F61E523595A3B00A6AA44 /* Debug */,
				814F61E623595A3B00A6AA44 /* Release */,
			);
			defaultConfigurationIsVisible = 0;
			defaultConfigurationName = Release;
		};
		814F61E723595A3B00A6AA44 /* Build configuration list for PBXNativeTarget "E2EEUITests" */ = {
			isa = XCConfigurationList;
			buildConfigurations = (
				814F61E823595A3B00A6AA44 /* Debug */,
				814F61E923595A3B00A6AA44 /* Release */,
			);
			defaultConfigurationIsVisible = 0;
			defaultConfigurationName = Release;
		};
/* End XCConfigurationList section */
	};
	rootObject = 814F61AF23595A3700A6AA44 /* Project object */;
}
